{
  "pins" : [
    {
      "identity" : "libfvad-ios",
      "kind" : "remoteSourceControl",
      "location" : "https://github.com/TeHikuMedia/libfvad-ios.git",
      "state" : {
        "branch" : "tumu",
        "revision" : "d0eb54e300d0918b3d9c06ad05348a1feb5597a1"
      }
    },
    {
      "identity" : "llama.cpp",
      "kind" : "remoteSourceControl",
      "location" : "https://github.com/lake-of-fire/llama.cpp.git",
      "state" : {
        "branch" : "master",
        "revision" : "971e5c48fabb5cd70c53b718bab2962d64cd39f7"
      }
    },
    {
      "identity" : "swiftsdl2",
      "kind" : "remoteSourceControl",
      "location" : "https://github.com/lake-of-fire/SwiftSDL2.git",
      "state" : {
        "branch" : "master",
        "revision" : "138eee3979b0bd020675861c0316d08a8d31e4a4"
      }
    }
  ],
  "version" : 2
}
