{
  "pins" : [
    {
      "identity" : "swiftsdl2",
      "kind" : "remoteSourceControl",
      "location" : "https://github.com/lake-of-fire/SwiftSDL2.git",
      "state" : {
        "branch" : "master",
        "revision" : "be24c629c533b0b07e56c1391452f15b4078b4dc"
      }
    }
  ],
  "version" : 2
}
